
Microsoft Visual Studio Solution File, Format Version 12.00
# Visual Studio 14
VisualStudioVersion = 14.0.25420.1
MinimumVisualStudioVersion = 10.0.40219.1
Project("{8BC9CEB8-8B4A-11D0-8D11-00A0C91BC942}") = "functions", "functions\functions.vcxproj", "{5C80D3EF-5123-4117-9003-FA49FF86C9FF}"
EndProject
Project("{8BC9CEB8-8B4A-11D0-8D11-00A0C91BC942}") = "function prob two", "two\two.vcxproj", "{493FC2B2-0FAE-4522-8927-F8A319290B53}"
EndProject
Project("{8BC9CEB8-8B4A-11D0-8D11-00A0C91BC942}") = "rock, paper, scissors", "rock, paper, scissors\rock, paper, scissors.vcxproj", "{86815CB6-B1AF-4219-B1D7-63A19BAF9145}"
EndProject
Project("{8BC9CEB8-8B4A-11D0-8D11-00A0C91BC942}") = "struct excersices", "struct excersices\struct excersices.vcxproj", "{A580FDFF-BCEC-4F7E-AD8C-44A00DAA8DC3}"
EndProject
Global
	GlobalSection(SolutionConfigurationPlatforms) = preSolution
		Debug|x64 = Debug|x64
		Debug|x86 = Debug|x86
		Release|x64 = Release|x64
		Release|x86 = Release|x86
	EndGlobalSection
	GlobalSection(ProjectConfigurationPlatforms) = postSolution
		{5C80D3EF-5123-4117-9003-FA49FF86C9FF}.Debug|x64.ActiveCfg = Debug|x64
		{5C80D3EF-5123-4117-9003-FA49FF86C9FF}.Debug|x64.Build.0 = Debug|x64
		{5C80D3EF-5123-4117-9003-FA49FF86C9FF}.Debug|x86.ActiveCfg = Debug|Win32
		{5C80D3EF-5123-4117-9003-FA49FF86C9FF}.Debug|x86.Build.0 = Debug|Win32
		{5C80D3EF-5123-4117-9003-FA49FF86C9FF}.Release|x64.ActiveCfg = Release|x64
		{5C80D3EF-5123-4117-9003-FA49FF86C9FF}.Release|x64.Build.0 = Release|x64
		{5C80D3EF-5123-4117-9003-FA49FF86C9FF}.Release|x86.ActiveCfg = Release|Win32
		{5C80D3EF-5123-4117-9003-FA49FF86C9FF}.Release|x86.Build.0 = Release|Win32
		{493FC2B2-0FAE-4522-8927-F8A319290B53}.Debug|x64.ActiveCfg = Debug|x64
		{493FC2B2-0FAE-4522-8927-F8A319290B53}.Debug|x64.Build.0 = Debug|x64
		{493FC2B2-0FAE-4522-8927-F8A319290B53}.Debug|x86.ActiveCfg = Debug|Win32
		{493FC2B2-0FAE-4522-8927-F8A319290B53}.Debug|x86.Build.0 = Debug|Win32
		{493FC2B2-0FAE-4522-8927-F8A319290B53}.Release|x64.ActiveCfg = Release|x64
		{493FC2B2-0FAE-4522-8927-F8A319290B53}.Release|x64.Build.0 = Release|x64
		{493FC2B2-0FAE-4522-8927-F8A319290B53}.Release|x86.ActiveCfg = Release|Win32
		{493FC2B2-0FAE-4522-8927-F8A319290B53}.Release|x86.Build.0 = Release|Win32
		{86815CB6-B1AF-4219-B1D7-63A19BAF9145}.Debug|x64.ActiveCfg = Debug|x64
		{86815CB6-B1AF-4219-B1D7-63A19BAF9145}.Debug|x64.Build.0 = Debug|x64
		{86815CB6-B1AF-4219-B1D7-63A19BAF9145}.Debug|x86.ActiveCfg = Debug|Win32
		{86815CB6-B1AF-4219-B1D7-63A19BAF9145}.Debug|x86.Build.0 = Debug|Win32
		{86815CB6-B1AF-4219-B1D7-63A19BAF9145}.Release|x64.ActiveCfg = Release|x64
		{86815CB6-B1AF-4219-B1D7-63A19BAF9145}.Release|x64.Build.0 = Release|x64
		{86815CB6-B1AF-4219-B1D7-63A19BAF9145}.Release|x86.ActiveCfg = Release|Win32
		{86815CB6-B1AF-4219-B1D7-63A19BAF9145}.Release|x86.Build.0 = Release|Win32
		{A580FDFF-BCEC-4F7E-AD8C-44A00DAA8DC3}.Debug|x64.ActiveCfg = Debug|x64
		{A580FDFF-BCEC-4F7E-AD8C-44A00DAA8DC3}.Debug|x64.Build.0 = Debug|x64
		{A580FDFF-BCEC-4F7E-AD8C-44A00DAA8DC3}.Debug|x86.ActiveCfg = Debug|Win32
		{A580FDFF-BCEC-4F7E-AD8C-44A00DAA8DC3}.Debug|x86.Build.0 = Debug|Win32
		{A580FDFF-BCEC-4F7E-AD8C-44A00DAA8DC3}.Release|x64.ActiveCfg = Release|x64
		{A580FDFF-BCEC-4F7E-AD8C-44A00DAA8DC3}.Release|x64.Build.0 = Release|x64
		{A580FDFF-BCEC-4F7E-AD8C-44A00DAA8DC3}.Release|x86.ActiveCfg = Release|Win32
		{A580FDFF-BCEC-4F7E-AD8C-44A00DAA8DC3}.Release|x86.Build.0 = Release|Win32
	EndGlobalSection
	GlobalSection(SolutionProperties) = preSolution
		HideSolutionNode = FALSE
	EndGlobalSection
EndGlobal
